
Microsoft Visual Studio Solution File, Format Version 12.00
# Visual Studio Version 17
VisualStudioVersion = 17.10.34928.147
MinimumVisualStudioVersion = 10.0.40219.1
Project("{9A19103F-16F7-4668-BE54-9A1E7A4F7556}") = "AdminStaff", "AdminStaff\AdminStaff.csproj", "{D2BD5A43-2F29-467C-8EB8-36E5B562789F}"
EndProject
Global
	GlobalSection(SolutionConfigurationPlatforms) = preSolution
		Debug|Any CPU = Debug|Any CPU
		Release|Any CPU = Release|Any CPU
	EndGlobalSection
	GlobalSection(ProjectConfigurationPlatforms) = postSolution
		{D2BD5A43-2F29-467C-8EB8-36E5B562789F}.Debug|Any CPU.ActiveCfg = Debug|Any CPU
		{D2BD5A43-2F29-467C-8EB8-36E5B562789F}.Debug|Any CPU.Build.0 = Debug|Any CPU
		{D2BD5A43-2F29-467C-8EB8-36E5B562789F}.Release|Any CPU.ActiveCfg = Release|Any CPU
		{D2BD5A43-2F29-467C-8EB8-36E5B562789F}.Release|Any CPU.Build.0 = Release|Any CPU
	EndGlobalSection
	GlobalSection(SolutionProperties) = preSolution
		HideSolutionNode = FALSE
	EndGlobalSection
	GlobalSection(ExtensibilityGlobals) = postSolution
		SolutionGuid = {EE79B88F-8DA1-43AE-B6CD-D880CD174995}
	EndGlobalSection
EndGlobal
